{
    "name": "@redblobgames/mapgen4",
    "version": "1.1.0",
    "lockfileVersion": 2,
    "requires": true,
    "packages": {
        "": {
            "name": "@redblobgames/mapgen4",
            "version": "1.1.0",
            "dependencies": {
                "@redblobgames/dual-mesh": "https://github.com/redblobgames/dual-mesh",
                "@redblobgames/prng": "https://github.com/redblobgames/prng",
                "canvg": "^4.0.1",
                "flatqueue": "^1",
                "gl-matrix": "^3",
                "regl": "^1",
                "seedrandom": "^3.0.5",
                "simplex-noise": "^2"
            },
            "devDependencies": {
                "poisson-disk-sampling": "^1"
            }
        },
        "node_modules/@redblobgames/dual-mesh": {
            "version": "2.1.1",
            "resolved": "git+ssh://git@github.com/redblobgames/dual-mesh.git#35be98ec8729b7c9eff6a111a16d006e337b151f",
            "license": "Apache-2.0",
            "dependencies": {
                "delaunator": "^4.0.0"
            }
        },
        "node_modules/@redblobgames/prng": {
            "version": "1.0.0",
            "resolved": "git+ssh://git@github.com/redblobgames/prng.git#1104cf92f9824d71cf631eeeedd5866e9b62ea9f",
            "license": "Apache-2.0",
            "dependencies": {
                "hash-int": "*"
            }
        },
        "node_modules/@types/offscreencanvas": {
            "version": "2019.7.0",
            "resolved": "https://registry.npmjs.org/@types/offscreencanvas/-/offscreencanvas-2019.7.0.tgz",
            "integrity": "sha512-PGcyveRIpL1XIqK8eBsmRBt76eFgtzuPiSTyKHZxnGemp2yzGzWpjYKAfK3wIMiU7eH+851yEpiuP8JZerTmWg=="
        },
        "node_modules/@types/raf": {
            "version": "3.4.0",
            "resolved": "https://registry.npmjs.org/@types/raf/-/raf-3.4.0.tgz",
            "integrity": "sha512-taW5/WYqo36N7V39oYyHP9Ipfd5pNFvGTIQsNGj86xV88YQ7GnI30/yMfKDF7Zgin0m3e+ikX88FvImnK4RjGw=="
        },
        "node_modules/canvg": {
            "version": "4.0.1",
            "resolved": "https://registry.npmjs.org/canvg/-/canvg-4.0.1.tgz",
            "integrity": "sha512-5gD/d6SiCCT7baLnVr0hokYe93DfcHW2rSqdKOuOQD84YMlyfttnZ8iQsThTdX6koYam+PROz/FuQTo500zqGw==",
            "dependencies": {
                "@types/offscreencanvas": "^2019.6.4",
                "@types/raf": "^3.4.0",
                "raf": "^3.4.1",
                "rgbcolor": "^1.0.1",
                "stackblur-canvas": "^2.0.0",
                "svg-pathdata": "^6.0.3"
            },
            "engines": {
                "node": ">=12.0.0"
            }
        },
        "node_modules/delaunator": {
            "version": "4.0.1",
            "resolved": "https://registry.npmjs.org/delaunator/-/delaunator-4.0.1.tgz",
            "integrity": "sha512-WNPWi1IRKZfCt/qIDMfERkDp93+iZEmOxN2yy4Jg+Xhv8SLk2UTqqbe1sfiipn0and9QrE914/ihdx82Y/Giag=="
        },
        "node_modules/flatqueue": {
            "version": "1.2.1",
            "resolved": "https://registry.npmjs.org/flatqueue/-/flatqueue-1.2.1.tgz",
            "integrity": "sha512-X86TpWS1rGuY7m382HuA9vngLeDuWA9lJvhEG+GfgKMV5onSvx5a71cl7GMbXzhWtlN9dGfqOBrpfqeOtUfGYQ=="
        },
        "node_modules/gl-matrix": {
            "version": "3.4.3",
            "resolved": "https://registry.npmjs.org/gl-matrix/-/gl-matrix-3.4.3.tgz",
            "integrity": "sha512-wcCp8vu8FT22BnvKVPjXa/ICBWRq/zjFfdofZy1WSpQZpphblv12/bOQLBC1rMM7SGOFS9ltVmKOHil5+Ml7gA=="
        },
        "node_modules/hash-int": {
            "version": "1.0.0",
            "resolved": "https://registry.npmjs.org/hash-int/-/hash-int-1.0.0.tgz",
            "integrity": "sha512-U1cDrvoPTR+AWCeFLXm0UjEcsgz74N5H4lQ3PjwDCIaLHgiXRmfsvq15/HGSjNAkig/bZMcESqg93ax9alWhkg=="
        },
        "node_modules/moore": {
            "version": "1.0.0",
            "resolved": "https://registry.npmjs.org/moore/-/moore-1.0.0.tgz",
            "integrity": "sha512-xcsFo/jgtMuVaGePHod5TdSzxnRAQQ4wFpDmFuu34lHvx5sNMsioA84NW7iBWYZ10jHR/nyGaDkhunMJxqAzkw==",
            "dev": true
        },
        "node_modules/performance-now": {
            "version": "2.1.0",
            "resolved": "https://registry.npmjs.org/performance-now/-/performance-now-2.1.0.tgz",
            "integrity": "sha512-7EAHlyLHI56VEIdK57uwHdHKIaAGbnXPiw0yWbarQZOKaKpvUIgW0jWRVLiatnM+XXlSwsanIBH/hzGMJulMow=="
        },
        "node_modules/poisson-disk-sampling": {
            "version": "1.0.6",
            "resolved": "https://registry.npmjs.org/poisson-disk-sampling/-/poisson-disk-sampling-1.0.6.tgz",
            "integrity": "sha512-gg4AzGuULT0F8VkpWF/9IbtwctphWECuhqK5aCDW58MtFccc8i64J88Vs/ZeZa9DD0ITpmKdVZxbRt408hunbQ==",
            "dev": true,
            "dependencies": {
                "moore": "~1.0.0"
            }
        },
        "node_modules/raf": {
            "version": "3.4.1",
            "resolved": "https://registry.npmjs.org/raf/-/raf-3.4.1.tgz",
            "integrity": "sha512-Sq4CW4QhwOHE8ucn6J34MqtZCeWFP2aQSmrlroYgqAV1PjStIhJXxYuTgUIfkEk7zTLjmIjLmU5q+fbD1NnOJA==",
            "dependencies": {
                "performance-now": "^2.1.0"
            }
        },
        "node_modules/regl": {
            "version": "1.7.0",
            "resolved": "https://registry.npmjs.org/regl/-/regl-1.7.0.tgz",
            "integrity": "sha512-bEAtp/qrtKucxXSJkD4ebopFZYP0q1+3Vb2WECWv/T8yQEgKxDxJ7ztO285tAMaYZVR6mM1GgI6CCn8FROtL1w=="
        },
        "node_modules/rgbcolor": {
            "version": "1.0.1",
            "resolved": "https://registry.npmjs.org/rgbcolor/-/rgbcolor-1.0.1.tgz",
            "integrity": "sha512-9aZLIrhRaD97sgVhtJOW6ckOEh6/GnvQtdVNfdZ6s67+3/XwLS9lBcQYzEEhYVeUowN7pRzMLsyGhK2i/xvWbw==",
            "engines": {
                "node": ">= 0.8.15"
            }
        },
        "node_modules/seedrandom": {
            "version": "3.0.5",
            "resolved": "https://registry.npmjs.org/seedrandom/-/seedrandom-3.0.5.tgz",
            "integrity": "sha512-8OwmbklUNzwezjGInmZ+2clQmExQPvomqjL7LFqOYqtmuxRgQYqOD3mHaU+MvZn5FLUeVxVfQjwLZW/n/JFuqg=="
        },
        "node_modules/simplex-noise": {
            "version": "2.4.0",
            "resolved": "https://registry.npmjs.org/simplex-noise/-/simplex-noise-2.4.0.tgz",
            "integrity": "sha512-OjyDWm/QZjVbMrPxDVi9b2as+SeNn9EBXlrWVRlFW+TSyWMSXouDryXkQN0vf5YP+QZKobrmkvx1eQYPLtuqfw=="
        },
        "node_modules/stackblur-canvas": {
            "version": "2.5.0",
            "resolved": "https://registry.npmjs.org/stackblur-canvas/-/stackblur-canvas-2.5.0.tgz",
            "integrity": "sha512-EeNzTVfj+1In7aSLPKDD03F/ly4RxEuF/EX0YcOG0cKoPXs+SLZxDawQbexQDBzwROs4VKLWTOaZQlZkGBFEIQ==",
            "engines": {
                "node": ">=0.1.14"
            }
        },
        "node_modules/svg-pathdata": {
            "version": "6.0.3",
            "resolved": "https://registry.npmjs.org/svg-pathdata/-/svg-pathdata-6.0.3.tgz",
            "integrity": "sha512-qsjeeq5YjBZ5eMdFuUa4ZosMLxgr5RZ+F+Y1OrDhuOCEInRMA3x74XdBtggJcj9kOeInz0WE+LgCPDkZFlBYJw==",
            "engines": {
                "node": ">=12.0.0"
            }
        }
    },
    "dependencies": {
        "@redblobgames/dual-mesh": {
            "version": "git+ssh://git@github.com/redblobgames/dual-mesh.git#35be98ec8729b7c9eff6a111a16d006e337b151f",
            "from": "@redblobgames/dual-mesh@https://github.com/redblobgames/dual-mesh",
            "requires": {
                "delaunator": "^4.0.0"
            }
        },
        "@redblobgames/prng": {
            "version": "git+ssh://git@github.com/redblobgames/prng.git#1104cf92f9824d71cf631eeeedd5866e9b62ea9f",
            "from": "@redblobgames/prng@https://github.com/redblobgames/prng",
            "requires": {
                "hash-int": "*"
            }
        },
        "@types/offscreencanvas": {
            "version": "2019.7.0",
            "resolved": "https://registry.npmjs.org/@types/offscreencanvas/-/offscreencanvas-2019.7.0.tgz",
            "integrity": "sha512-PGcyveRIpL1XIqK8eBsmRBt76eFgtzuPiSTyKHZxnGemp2yzGzWpjYKAfK3wIMiU7eH+851yEpiuP8JZerTmWg=="
        },
        "@types/raf": {
            "version": "3.4.0",
            "resolved": "https://registry.npmjs.org/@types/raf/-/raf-3.4.0.tgz",
            "integrity": "sha512-taW5/WYqo36N7V39oYyHP9Ipfd5pNFvGTIQsNGj86xV88YQ7GnI30/yMfKDF7Zgin0m3e+ikX88FvImnK4RjGw=="
        },
        "canvg": {
            "version": "4.0.1",
            "resolved": "https://registry.npmjs.org/canvg/-/canvg-4.0.1.tgz",
            "integrity": "sha512-5gD/d6SiCCT7baLnVr0hokYe93DfcHW2rSqdKOuOQD84YMlyfttnZ8iQsThTdX6koYam+PROz/FuQTo500zqGw==",
            "requires": {
                "@types/offscreencanvas": "^2019.6.4",
                "@types/raf": "^3.4.0",
                "raf": "^3.4.1",
                "rgbcolor": "^1.0.1",
                "stackblur-canvas": "^2.0.0",
                "svg-pathdata": "^6.0.3"
            }
        },
        "delaunator": {
            "version": "4.0.1",
            "resolved": "https://registry.npmjs.org/delaunator/-/delaunator-4.0.1.tgz",
            "integrity": "sha512-WNPWi1IRKZfCt/qIDMfERkDp93+iZEmOxN2yy4Jg+Xhv8SLk2UTqqbe1sfiipn0and9QrE914/ihdx82Y/Giag=="
        },
        "flatqueue": {
            "version": "1.2.1",
            "resolved": "https://registry.npmjs.org/flatqueue/-/flatqueue-1.2.1.tgz",
            "integrity": "sha512-X86TpWS1rGuY7m382HuA9vngLeDuWA9lJvhEG+GfgKMV5onSvx5a71cl7GMbXzhWtlN9dGfqOBrpfqeOtUfGYQ=="
        },
        "gl-matrix": {
            "version": "3.4.3",
            "resolved": "https://registry.npmjs.org/gl-matrix/-/gl-matrix-3.4.3.tgz",
            "integrity": "sha512-wcCp8vu8FT22BnvKVPjXa/ICBWRq/zjFfdofZy1WSpQZpphblv12/bOQLBC1rMM7SGOFS9ltVmKOHil5+Ml7gA=="
        },
        "hash-int": {
            "version": "1.0.0",
            "resolved": "https://registry.npmjs.org/hash-int/-/hash-int-1.0.0.tgz",
            "integrity": "sha512-U1cDrvoPTR+AWCeFLXm0UjEcsgz74N5H4lQ3PjwDCIaLHgiXRmfsvq15/HGSjNAkig/bZMcESqg93ax9alWhkg=="
        },
        "moore": {
            "version": "1.0.0",
            "resolved": "https://registry.npmjs.org/moore/-/moore-1.0.0.tgz",
            "integrity": "sha512-xcsFo/jgtMuVaGePHod5TdSzxnRAQQ4wFpDmFuu34lHvx5sNMsioA84NW7iBWYZ10jHR/nyGaDkhunMJxqAzkw==",
            "dev": true
        },
        "performance-now": {
            "version": "2.1.0",
            "resolved": "https://registry.npmjs.org/performance-now/-/performance-now-2.1.0.tgz",
            "integrity": "sha512-7EAHlyLHI56VEIdK57uwHdHKIaAGbnXPiw0yWbarQZOKaKpvUIgW0jWRVLiatnM+XXlSwsanIBH/hzGMJulMow=="
        },
        "poisson-disk-sampling": {
            "version": "1.0.6",
            "resolved": "https://registry.npmjs.org/poisson-disk-sampling/-/poisson-disk-sampling-1.0.6.tgz",
            "integrity": "sha512-gg4AzGuULT0F8VkpWF/9IbtwctphWECuhqK5aCDW58MtFccc8i64J88Vs/ZeZa9DD0ITpmKdVZxbRt408hunbQ==",
            "dev": true,
            "requires": {
                "moore": "~1.0.0"
            }
        },
        "raf": {
            "version": "3.4.1",
            "resolved": "https://registry.npmjs.org/raf/-/raf-3.4.1.tgz",
            "integrity": "sha512-Sq4CW4QhwOHE8ucn6J34MqtZCeWFP2aQSmrlroYgqAV1PjStIhJXxYuTgUIfkEk7zTLjmIjLmU5q+fbD1NnOJA==",
            "requires": {
                "performance-now": "^2.1.0"
            }
        },
        "regl": {
            "version": "1.7.0",
            "resolved": "https://registry.npmjs.org/regl/-/regl-1.7.0.tgz",
            "integrity": "sha512-bEAtp/qrtKucxXSJkD4ebopFZYP0q1+3Vb2WECWv/T8yQEgKxDxJ7ztO285tAMaYZVR6mM1GgI6CCn8FROtL1w=="
        },
        "rgbcolor": {
            "version": "1.0.1",
            "resolved": "https://registry.npmjs.org/rgbcolor/-/rgbcolor-1.0.1.tgz",
            "integrity": "sha512-9aZLIrhRaD97sgVhtJOW6ckOEh6/GnvQtdVNfdZ6s67+3/XwLS9lBcQYzEEhYVeUowN7pRzMLsyGhK2i/xvWbw=="
        },
        "seedrandom": {
            "version": "3.0.5",
            "resolved": "https://registry.npmjs.org/seedrandom/-/seedrandom-3.0.5.tgz",
            "integrity": "sha512-8OwmbklUNzwezjGInmZ+2clQmExQPvomqjL7LFqOYqtmuxRgQYqOD3mHaU+MvZn5FLUeVxVfQjwLZW/n/JFuqg=="
        },
        "simplex-noise": {
            "version": "2.4.0",
            "resolved": "https://registry.npmjs.org/simplex-noise/-/simplex-noise-2.4.0.tgz",
            "integrity": "sha512-OjyDWm/QZjVbMrPxDVi9b2as+SeNn9EBXlrWVRlFW+TSyWMSXouDryXkQN0vf5YP+QZKobrmkvx1eQYPLtuqfw=="
        },
        "stackblur-canvas": {
            "version": "2.5.0",
            "resolved": "https://registry.npmjs.org/stackblur-canvas/-/stackblur-canvas-2.5.0.tgz",
            "integrity": "sha512-EeNzTVfj+1In7aSLPKDD03F/ly4RxEuF/EX0YcOG0cKoPXs+SLZxDawQbexQDBzwROs4VKLWTOaZQlZkGBFEIQ=="
        },
        "svg-pathdata": {
            "version": "6.0.3",
            "resolved": "https://registry.npmjs.org/svg-pathdata/-/svg-pathdata-6.0.3.tgz",
            "integrity": "sha512-qsjeeq5YjBZ5eMdFuUa4ZosMLxgr5RZ+F+Y1OrDhuOCEInRMA3x74XdBtggJcj9kOeInz0WE+LgCPDkZFlBYJw=="
        }
    }
}
